// !$*UTF8*$!
{
	archiveVersion = 1;
	classes = {
	};
	objectVersion = 46;
	objects = {

/* Begin PBXBuildFile section */
		184B768D1C3CAC24008DC070 /* AppDelegate.swift in Sources */ = {isa = PBXBuildFile; fileRef = 184B768C1C3CAC24008DC070 /* AppDelegate.swift */; };
		184B768F1C3CAC24008DC070 /* ViewController.swift in Sources */ = {isa = PBXBuildFile; fileRef = 184B768E1C3CAC24008DC070 /* ViewController.swift */; };
		184B76921C3CAC24008DC070 /* Main.storyboard in Resources */ = {isa = PBXBuildFile; fileRef = 184B76901C3CAC24008DC070 /* Main.storyboard */; };
		184B76941C3CAC24008DC070 /* Images.xcassets in Resources */ = {isa = PBXBuildFile; fileRef = 184B76931C3CAC24008DC070 /* Images.xcassets */; };
		184B76971C3CAC24008DC070 /* LaunchScreen.xib in Resources */ = {isa = PBXBuildFile; fileRef = 184B76951C3CAC24008DC070 /* LaunchScreen.xib */; };
		184B76A31C3CAC24008DC070 /* CompleteAppDemoTests.swift in Sources */ = {isa = PBXBuildFile; fileRef = 184B76A21C3CAC24008DC070 /* CompleteAppDemoTests.swift */; };
/* End PBXBuildFile section */

/* Begin PBXContainerItemProxy section */
		184B769D1C3CAC24008DC070 /* PBXContainerItemProxy */ = {
			isa = PBXContainerItemProxy;
			containerPortal = 184B767F1C3CAC24008DC070 /* Project object */;
			proxyType = 1;
			remoteGlobalIDString = 184B76861C3CAC24008DC070;
			remoteInfo = CompleteAppDemo;
		};
/* End PBXContainerItemProxy section */

/* Begin PBXFileReference section */
		184B76871C3CAC24008DC070 /* CompleteAppDemo.app */ = {isa = PBXFileReference; explicitFileType = wrapper.application; includeInIndex = 0; path = CompleteAppDemo.app; sourceTree = BUILT_PRODUCTS_DIR; };
		184B768B1C3CAC24008DC070 /* Info.plist */ = {isa = PBXFileReference; lastKnownFileType = text.plist.xml; path = Info.plist; sourceTree = "<group>"; };
		184B768C1C3CAC24008DC070 /* AppDelegate.swift */ = {isa = PBXFileReference; lastKnownFileType = sourcecode.swift; path = AppDelegate.swift; sourceTree = "<group>"; };
		184B768E1C3CAC24008DC070 /* ViewController.swift */ = {isa = PBXFileReference; lastKnownFileType = sourcecode.swift; path = ViewController.swift; sourceTree = "<group>"; };
		184B76911C3CAC24008DC070 /* Base */ = {isa = PBXFileReference; lastKnownFileType = file.storyboard; name = Base; path = Base.lproj/Main.storyboard; sourceTree = "<group>"; };
		184B76931C3CAC24008DC070 /* Images.xcassets */ = {isa = PBXFileReference; lastKnownFileType = folder.assetcatalog; path = Images.xcassets; sourceTree = "<group>"; };
		184B76961C3CAC24008DC070 /* Base */ = {isa = PBXFileReference; lastKnownFileType = file.xib; name = Base; path = Base.lproj/LaunchScreen.xib; sourceTree = "<group>"; };
		184B769C1C3CAC24008DC070 /* CompleteAppDemoTests.xctest */ = {isa = PBXFileReference; explicitFileType = wrapper.cfbundle; includeInIndex = 0; path = CompleteAppDemoTests.xctest; sourceTree = BUILT_PRODUCTS_DIR; };
		184B76A11C3CAC24008DC070 /* Info.plist */ = {isa = PBXFileReference; lastKnownFileType = text.plist.xml; path = Info.plist; sourceTree = "<group>"; };
		184B76A21C3CAC24008DC070 /* CompleteAppDemoTests.swift */ = {isa = PBXFileReference; lastKnownFileType = sourcecode.swift; path = CompleteAppDemoTests.swift; sourceTree = "<group>"; };
/* End PBXFileReference section */

/* Begin PBXFrameworksBuildPhase section */
		184B76841C3CAC24008DC070 /* Frameworks */ = {
			isa = PBXFrameworksBuildPhase;
			buildActionMask = 2147483647;
			files = (
			);
			runOnlyForDeploymentPostprocessing = 0;
		};
		184B76991C3CAC24008DC070 /* Frameworks */ = {
			isa = PBXFrameworksBuildPhase;
			buildActionMask = 2147483647;
			files = (
			);
			runOnlyForDeploymentPostprocessing = 0;
		};
/* End PBXFrameworksBuildPhase section */

/* Begin PBXGroup section */
		184B767E1C3CAC24008DC070 = {
			isa = PBXGroup;
			children = (
				184B76891C3CAC24008DC070 /* CompleteAppDemo */,
				184B769F1C3CAC24008DC070 /* CompleteAppDemoTests */,
				184B76881C3CAC24008DC070 /* Products */,
			);
			sourceTree = "<group>";
		};
		184B76881C3CAC24008DC070 /* Products */ = {
			isa = PBXGroup;
			children = (
				184B76871C3CAC24008DC070 /* CompleteAppDemo.app */,
				184B769C1C3CAC24008DC070 /* CompleteAppDemoTests.xctest */,
			);
			name = Products;
			sourceTree = "<group>";
		};
		184B76891C3CAC24008DC070 /* CompleteAppDemo */ = {
			isa = PBXGroup;
			children = (
				184B768C1C3CAC24008DC070 /* AppDelegate.swift */,
				184B768E1C3CAC24008DC070 /* ViewController.swift */,
				184B76901C3CAC24008DC070 /* Main.storyboard */,
				184B76931C3CAC24008DC070 /* Images.xcassets */,
				184B76951C3CAC24008DC070 /* LaunchScreen.xib */,
				184B768A1C3CAC24008DC070 /* Supporting Files */,
			);
			path = CompleteAppDemo;
			sourceTree = "<group>";
		};
		184B768A1C3CAC24008DC070 /* Supporting Files */ = {
			isa = PBXGroup;
			children = (
				184B768B1C3CAC24008DC070 /* Info.plist */,
			);
			name = "Supporting Files";
			sourceTree = "<group>";
		};
		184B769F1C3CAC24008DC070 /* CompleteAppDemoTests */ = {
			isa = PBXGroup;
			children = (
				184B76A21C3CAC24008DC070 /* CompleteAppDemoTests.swift */,
				184B76A01C3CAC24008DC070 /* Supporting Files */,
			);
			path = CompleteAppDemoTests;
			sourceTree = "<group>";
		};
		184B76A01C3CAC24008DC070 /* Supporting Files */ = {
			isa = PBXGroup;
			children = (
				184B76A11C3CAC24008DC070 /* Info.plist */,
			);
			name = "Supporting Files";
			sourceTree = "<group>";
		};
/* End PBXGroup section */

/* Begin PBXNativeTarget section */
		184B76861C3CAC24008DC070 /* CompleteAppDemo */ = {
			isa = PBXNativeTarget;
			buildConfigurationList = 184B76A61C3CAC24008DC070 /* Build configuration list for PBXNativeTarget "CompleteAppDemo" */;
			buildPhases = (
				184B76831C3CAC24008DC070 /* Sources */,
				184B76841C3CAC24008DC070 /* Frameworks */,
				184B76851C3CAC24008DC070 /* Resources */,
			);
			buildRules = (
			);
			dependencies = (
			);
			name = CompleteAppDemo;
			productName = CompleteAppDemo;
			productReference = 184B76871C3CAC24008DC070 /* CompleteAppDemo.app */;
			productType = "com.apple.product-type.application";
		};
		184B769B1C3CAC24008DC070 /* CompleteAppDemoTests */ = {
			isa = PBXNativeTarget;
			buildConfigurationList = 184B76A91C3CAC24008DC070 /* Build configuration list for PBXNativeTarget "CompleteAppDemoTests" */;
			buildPhases = (
				184B76981C3CAC24008DC070 /* Sources */,
				184B76991C3CAC24008DC070 /* Frameworks */,
				184B769A1C3CAC24008DC070 /* Resources */,
			);
			buildRules = (
			);
			dependencies = (
				184B769E1C3CAC24008DC070 /* PBXTargetDependency */,
			);
			name = CompleteAppDemoTests;
			productName = CompleteAppDemoTests;
			productReference = 184B769C1C3CAC24008DC070 /* CompleteAppDemoTests.xctest */;
			productType = "com.apple.product-type.bundle.unit-test";
		};
/* End PBXNativeTarget section */

/* Begin PBXProject section */
		184B767F1C3CAC24008DC070 /* Project object */ = {
			isa = PBXProject;
			attributes = {
				LastUpgradeCheck = 0640;
				ORGANIZATIONNAME = mountor_zj;
				TargetAttributes = {
					184B76861C3CAC24008DC070 = {
						CreatedOnToolsVersion = 6.4;
					};
					184B769B1C3CAC24008DC070 = {
						CreatedOnToolsVersion = 6.4;
						TestTargetID = 184B76861C3CAC24008DC070;
					};
				};
			};
			buildConfigurationList = 184B76821C3CAC24008DC070 /* Build configuration list for PBXProject "CompleteAppDemo" */;
			compatibilityVersion = "Xcode 3.2";
			developmentRegion = English;
			hasScannedForEncodings = 0;
			knownRegions = (
				en,
				Base,
			);
			mainGroup = 184B767E1C3CAC24008DC070;
			productRefGroup = 184B76881C3CAC24008DC070 /* Products */;
			projectDirPath = "";
			projectRoot = "";
			targets = (
				184B76861C3CAC24008DC070 /* CompleteAppDemo */,
				184B769B1C3CAC24008DC070 /* CompleteAppDemoTests */,
			);
		};
/* End PBXProject section */

/* Begin PBXResourcesBuildPhase section */
		184B76851C3CAC24008DC070 /* Resources */ = {
			isa = PBXResourcesBuildPhase;
			buildActionMask = 2147483647;
			files = (
				184B76921C3CAC24008DC070 /* Main.storyboard in Resources */,
				184B76971C3CAC24008DC070 /* LaunchScreen.xib in Resources */,
				184B76941C3CAC24008DC070 /* Images.xcassets in Resources */,
			);
			runOnlyForDeploymentPostprocessing = 0;
		};
		184B769A1C3CAC24008DC070 /* Resources */ = {
			isa = PBXResourcesBuildPhase;
			buildActionMask = 2147483647;
			files = (
			);
			runOnlyForDeploymentPostprocessing = 0;
		};
/* End PBXResourcesBuildPhase section */

/* Begin PBXSourcesBuildPhase section */
		184B76831C3CAC24008DC070 /* Sources */ = {
			isa = PBXSourcesBuildPhase;
			buildActionMask = 2147483647;
			files = (
				184B768F1C3CAC24008DC070 /* ViewController.swift in Sources */,
				184B768D1C3CAC24008DC070 /* AppDelegate.swift in Sources */,
			);
			runOnlyForDeploymentPostprocessing = 0;
		};
		184B76981C3CAC24008DC070 /* Sources */ = {
			isa = PBXSourcesBuildPhase;
			buildActionMask = 2147483647;
			files = (
				184B76A31C3CAC24008DC070 /* CompleteAppDemoTests.swift in Sources */,
			);
			runOnlyForDeploymentPostprocessing = 0;
		};
/* End PBXSourcesBuildPhase section */

/* Begin PBXTargetDependency section */
		184B769E1C3CAC24008DC070 /* PBXTargetDependency */ = {
			isa = PBXTargetDependency;
			target = 184B76861C3CAC24008DC070 /* CompleteAppDemo */;
			targetProxy = 184B769D1C3CAC24008DC070 /* PBXContainerItemProxy */;
		};
/* End PBXTargetDependency section */

/* Begin PBXVariantGroup section */
		184B76901C3CAC24008DC070 /* Main.storyboard */ = {
			isa = PBXVariantGroup;
			children = (
				184B76911C3CAC24008DC070 /* Base */,
			);
			name = Main.storyboard;
			sourceTree = "<group>";
		};
		184B76951C3CAC24008DC070 /* LaunchScreen.xib */ = {
			isa = PBXVariantGroup;
			children = (
				184B76961C3CAC24008DC070 /* Base */,
			);
			name = LaunchScreen.xib;
			sourceTree = "<group>";
		};
/* End PBXVariantGroup section */

/* Begin XCBuildConfiguration section */
		184B76A41C3CAC24008DC070 /* Debug */ = {
			isa = XCBuildConfiguration;
			buildSettings = {
				ALWAYS_SEARCH_USER_PATHS = NO;
				CLANG_CXX_LANGUAGE_STANDARD = "gnu++0x";
				CLANG_CXX_LIBRARY = "libc++";
				CLANG_ENABLE_MODULES = YES;
				CLANG_ENABLE_OBJC_ARC = YES;
				CLANG_WARN_BOOL_CONVERSION = YES;
				CLANG_WARN_CONSTANT_CONVERSION = YES;
				CLANG_WARN_DIRECT_OBJC_ISA_USAGE = YES_ERROR;
				CLANG_WARN_EMPTY_BODY = YES;
				CLANG_WARN_ENUM_CONVERSION = YES;
				CLANG_WARN_INT_CONVERSION = YES;
				CLANG_WARN_OBJC_ROOT_CLASS = YES_ERROR;
				CLANG_WARN_UNREACHABLE_CODE = YES;
				CLANG_WARN__DUPLICATE_METHOD_MATCH = YES;
				"CODE_SIGN_IDENTITY[sdk=iphoneos*]" = "iPhone Developer";
				COPY_PHASE_STRIP = NO;
				DEBUG_INFORMATION_FORMAT = "dwarf-with-dsym";
				ENABLE_STRICT_OBJC_MSGSEND = YES;
				GCC_C_LANGUAGE_STANDARD = gnu99;
				GCC_DYNAMIC_NO_PIC = NO;
				GCC_NO_COMMON_BLOCKS = YES;
				GCC_OPTIMIZATION_LEVEL = 0;
				GCC_PREPROCESSOR_DEFINITIONS = (
					"DEBUG=1",
					"$(inherited)",
				);
				GCC_SYMBOLS_PRIVATE_EXTERN = NO;
				GCC_WARN_64_TO_32_BIT_CONVERSION = YES;
				GCC_WARN_ABOUT_RETURN_TYPE = YES_ERROR;
				GCC_WARN_UNDECLARED_SELECTOR = YES;
				GCC_WARN_UNINITIALIZED_AUTOS = YES_AGGRESSIVE;
				GCC_WARN_UNUSED_FUNCTION = YES;
				GCC_WARN_UNUSED_VARIABLE = YES;
				IPHONEOS_DEPLOYMENT_TARGET = 8.4;
				MTL_ENABLE_DEBUG_INFO = YES;
				ONLY_ACTIVE_ARCH = YES;
				SDKROOT = iphoneos;
				SWIFT_OPTIMIZATION_LEVEL = "-Onone";
			};
			name = Debug;
		};
		184B76A51C3CAC24008DC070 /* Release */ = {
			isa = XCBuildConfiguration;
			buildSettings = {
				ALWAYS_SEARCH_USER_PATHS = NO;
				CLANG_CXX_LANGUAGE_STANDARD = "gnu++0x";
				CLANG_CXX_LIBRARY = "libc++";
				CLANG_ENABLE_MODULES = YES;
				CLANG_ENABLE_OBJC_ARC = YES;
				CLANG_WARN_BOOL_CONVERSION = YES;
				CLANG_WARN_CONSTANT_CONVERSION = YES;
				CLANG_WARN_DIRECT_OBJC_ISA_USAGE = YES_ERROR;
				CLANG_WARN_EMPTY_BODY = YES;
				CLANG_WARN_ENUM_CONVERSION = YES;
				CLANG_WARN_INT_CONVERSION = YES;
				CLANG_WARN_OBJC_ROOT_CLASS = YES_ERROR;
				CLANG_WARN_UNREACHABLE_CODE = YES;
				CLANG_WARN__DUPLICATE_METHOD_MATCH = YES;
				"CODE_SIGN_IDENTITY[sdk=iphoneos*]" = "iPhone Developer";
				COPY_PHASE_STRIP = NO;
				DEBUG_INFORMATION_FORMAT = "dwarf-with-dsym";
				ENABLE_NS_ASSERTIONS = NO;
				ENABLE_STRICT_OBJC_MSGSEND = YES;
				GCC_C_LANGUAGE_STANDARD = gnu99;
				GCC_NO_COMMON_BLOCKS = YES;
				GCC_WARN_64_TO_32_BIT_CONVERSION = YES;
				GCC_WARN_ABOUT_RETURN_TYPE = YES_ERROR;
				GCC_WARN_UNDECLARED_SELECTOR = YES;
				GCC_WARN_UNINITIALIZED_AUTOS = YES_AGGRESSIVE;
				GCC_WARN_UNUSED_FUNCTION = YES;
				GCC_WARN_UNUSED_VARIABLE = YES;
				IPHONEOS_DEPLOYMENT_TARGET = 8.4;
				MTL_ENABLE_DEBUG_INFO = NO;
				SDKROOT = iphoneos;
				VALIDATE_PRODUCT = YES;
			};
			name = Release;
		};
		184B76A71C3CAC24008DC070 /* Debug */ = {
			isa = XCBuildConfiguration;
			buildSettings = {
				ASSETCATALOG_COMPILER_APPICON_NAME = AppIcon;
				INFOPLIST_FILE = CompleteAppDemo/Info.plist;
				LD_RUNPATH_SEARCH_PATHS = "$(inherited) @executable_path/Frameworks";
				PRODUCT_NAME = "$(TARGET_NAME)";
			};
			name = Debug;
		};
		184B76A81C3CAC24008DC070 /* Release */ = {
			isa = XCBuildConfiguration;
			buildSettings = {
				ASSETCATALOG_COMPILER_APPICON_NAME = AppIcon;
				INFOPLIST_FILE = CompleteAppDemo/Info.plist;
				LD_RUNPATH_SEARCH_PATHS = "$(inherited) @executable_path/Frameworks";
				PRODUCT_NAME = "$(TARGET_NAME)";
			};
			name = Release;
		};
		184B76AA1C3CAC24008DC070 /* Debug */ = {
			isa = XCBuildConfiguration;
			buildSettings = {
				BUNDLE_LOADER = "$(TEST_HOST)";
				FRAMEWORK_SEARCH_PATHS = (
					"$(SDKROOT)/Developer/Library/Frameworks",
					"$(inherited)",
				);
				GCC_PREPROCESSOR_DEFINITIONS = (
					"DEBUG=1",
					"$(inherited)",
				);
				INFOPLIST_FILE = CompleteAppDemoTests/Info.plist;
				LD_RUNPATH_SEARCH_PATHS = "$(inherited) @executable_path/Frameworks @loader_path/Frameworks";
				PRODUCT_NAME = "$(TARGET_NAME)";
				TEST_HOST = "$(BUILT_PRODUCTS_DIR)/CompleteAppDemo.app/CompleteAppDemo";
			};
			name = Debug;
		};
		184B76AB1C3CAC24008DC070 /* Release */ = {
			isa = XCBuildConfiguration;
			buildSettings = {
				BUNDLE_LOADER = "$(TEST_HOST)";
				FRAMEWORK_SEARCH_PATHS = (
					"$(SDKROOT)/Developer/Library/Frameworks",
					"$(inherited)",
				);
				INFOPLIST_FILE = CompleteAppDemoTests/Info.plist;
				LD_RUNPATH_SEARCH_PATHS = "$(inherited) @executable_path/Frameworks @loader_path/Frameworks";
				PRODUCT_NAME = "$(TARGET_NAME)";
				TEST_HOST = "$(BUILT_PRODUCTS_DIR)/CompleteAppDemo.app/CompleteAppDemo";
			};
			name = Release;
		};
/* End XCBuildConfiguration section */

/* Begin XCConfigurationList section */
		184B76821C3CAC24008DC070 /* Build configuration list for PBXProject "CompleteAppDemo" */ = {
			isa = XCConfigurationList;
			buildConfigurations = (
				184B76A41C3CAC24008DC070 /* Debug */,
				184B76A51C3CAC24008DC070 /* Release */,
			);
			defaultConfigurationIsVisible = 0;
			defaultConfigurationName = Release;
		};
		184B76A61C3CAC24008DC070 /* Build configuration list for PBXNativeTarget "CompleteAppDemo" */ = {
			isa = XCConfigurationList;
			buildConfigurations = (
				184B76A71C3CAC24008DC070 /* Debug */,
				184B76A81C3CAC24008DC070 /* Release */,
			);
			defaultConfigurationIsVisible = 0;
		};
		184B76A91C3CAC24008DC070 /* Build configuration list for PBXNativeTarget "CompleteAppDemoTests" */ = {
			isa = XCConfigurationList;
			buildConfigurations = (
				184B76AA1C3CAC24008DC070 /* Debug */,
				184B76AB1C3CAC24008DC070 /* Release */,
			);
			defaultConfigurationIsVisible = 0;
		};
/* End XCConfigurationList section */
	};
	rootObject = 184B767F1C3CAC24008DC070 /* Project object */;
}
